
Microsoft Visual Studio Solution File, Format Version 12.00
# Visual Studio Version 17
VisualStudioVersion = 17.13.35931.197 d17.13
MinimumVisualStudioVersion = 10.0.40219.1
Project("{FAE04EC0-301F-11D3-BF4B-00C04F79EFBC}") = "LunchMenu.Models", "LunchMenu.Models\LunchMenu.Models.csproj", "{469CBD7F-87D6-47A5-8512-ADFB9BBFC9A3}"
EndProject
Project("{FAE04EC0-301F-11D3-BF4B-00C04F79EFBC}") = "LunchMenu.Repository", "LunchMenu.Repository\LunchMenu.Repository.csproj", "{8B95F41B-38A6-4FE2-8473-10A025FD4CCE}"
EndProject
Project("{FAE04EC0-301F-11D3-BF4B-00C04F79EFBC}") = "LunchMenu.Service", "LunchMenu.Service\LunchMenu.Service.csproj", "{2F5AF5F5-A284-4103-BBEC-46186B75CD4F}"
EndProject
Global
	GlobalSection(SolutionConfigurationPlatforms) = preSolution
		Debug|Any CPU = Debug|Any CPU
		Release|Any CPU = Release|Any CPU
	EndGlobalSection
	GlobalSection(ProjectConfigurationPlatforms) = postSolution
		{469CBD7F-87D6-47A5-8512-ADFB9BBFC9A3}.Debug|Any CPU.ActiveCfg = Debug|Any CPU
		{469CBD7F-87D6-47A5-8512-ADFB9BBFC9A3}.Debug|Any CPU.Build.0 = Debug|Any CPU
		{469CBD7F-87D6-47A5-8512-ADFB9BBFC9A3}.Release|Any CPU.ActiveCfg = Release|Any CPU
		{469CBD7F-87D6-47A5-8512-ADFB9BBFC9A3}.Release|Any CPU.Build.0 = Release|Any CPU
		{8B95F41B-38A6-4FE2-8473-10A025FD4CCE}.Debug|Any CPU.ActiveCfg = Debug|Any CPU
		{8B95F41B-38A6-4FE2-8473-10A025FD4CCE}.Debug|Any CPU.Build.0 = Debug|Any CPU
		{8B95F41B-38A6-4FE2-8473-10A025FD4CCE}.Release|Any CPU.ActiveCfg = Release|Any CPU
		{8B95F41B-38A6-4FE2-8473-10A025FD4CCE}.Release|Any CPU.Build.0 = Release|Any CPU
		{2F5AF5F5-A284-4103-BBEC-46186B75CD4F}.Debug|Any CPU.ActiveCfg = Debug|Any CPU
		{2F5AF5F5-A284-4103-BBEC-46186B75CD4F}.Debug|Any CPU.Build.0 = Debug|Any CPU
		{2F5AF5F5-A284-4103-BBEC-46186B75CD4F}.Release|Any CPU.ActiveCfg = Release|Any CPU
		{2F5AF5F5-A284-4103-BBEC-46186B75CD4F}.Release|Any CPU.Build.0 = Release|Any CPU
	EndGlobalSection
	GlobalSection(SolutionProperties) = preSolution
		HideSolutionNode = FALSE
	EndGlobalSection
	GlobalSection(ExtensibilityGlobals) = postSolution
		SolutionGuid = {82BD3A05-9914-4F86-9561-C87F29DF1730}
	EndGlobalSection
EndGlobal
